
Microsoft Visual Studio Solution File, Format Version 12.00
# Visual Studio Version 16
VisualStudioVersion = 16.0.29411.108
MinimumVisualStudioVersion = 10.0.40219.1
Project("{FAE04EC0-301F-11D3-BF4B-00C04F79EFBC}") = "RazorPagesMovie", "RazorPagesMovie\RazorPagesMovie.csproj", "{FA504BB6-C54B-4D7F-A10B-21A87D807332}"
EndProject
Global
	GlobalSection(SolutionConfigurationPlatforms) = preSolution
		Debug|Any CPU = Debug|Any CPU
		Release|Any CPU = Release|Any CPU
	EndGlobalSection
	GlobalSection(ProjectConfigurationPlatforms) = postSolution
		{FA504BB6-C54B-4D7F-A10B-21A87D807332}.Debug|Any CPU.ActiveCfg = Debug|Any CPU
		{FA504BB6-C54B-4D7F-A10B-21A87D807332}.Debug|Any CPU.Build.0 = Debug|Any CPU
		{FA504BB6-C54B-4D7F-A10B-21A87D807332}.Release|Any CPU.ActiveCfg = Release|Any CPU
		{FA504BB6-C54B-4D7F-A10B-21A87D807332}.Release|Any CPU.Build.0 = Release|Any CPU
	EndGlobalSection
	GlobalSection(SolutionProperties) = preSolution
		HideSolutionNode = FALSE
	EndGlobalSection
	GlobalSection(ExtensibilityGlobals) = postSolution
		SolutionGuid = {DC579122-6EE5-4FB0-9598-1B8EA33BDC8B}
	EndGlobalSection
EndGlobal
